
Microsoft Visual Studio Solution File, Format Version 12.00
# Visual Studio Version 16
VisualStudioVersion = 16.0.29230.61
MinimumVisualStudioVersion = 10.0.40219.1
Project("{9A19103F-16F7-4668-BE54-9A1E7A4F7556}") = "KeyValueStoreExample", "KeyValueStoreExample\KeyValueStoreExample.csproj", "{3DBF5360-7645-4A77-87BD-43009611D4D4}"
EndProject
Project("{FAE04EC0-301F-11D3-BF4B-00C04F79EFBC}") = "ProjectTwo", "ProjectTwo\ProjectTwo.csproj", "{F9019550-2132-4E05-84BD-1EE8C26D8B0E}"
EndProject
Global
	GlobalSection(SolutionConfigurationPlatforms) = preSolution
		Debug|Any CPU = Debug|Any CPU
		Release|Any CPU = Release|Any CPU
	EndGlobalSection
	GlobalSection(ProjectConfigurationPlatforms) = postSolution
		{3DBF5360-7645-4A77-87BD-43009611D4D4}.Debug|Any CPU.ActiveCfg = Debug|Any CPU
		{3DBF5360-7645-4A77-87BD-43009611D4D4}.Debug|Any CPU.Build.0 = Debug|Any CPU
		{3DBF5360-7645-4A77-87BD-43009611D4D4}.Release|Any CPU.ActiveCfg = Release|Any CPU
		{3DBF5360-7645-4A77-87BD-43009611D4D4}.Release|Any CPU.Build.0 = Release|Any CPU
		{F9019550-2132-4E05-84BD-1EE8C26D8B0E}.Debug|Any CPU.ActiveCfg = Debug|Any CPU
		{F9019550-2132-4E05-84BD-1EE8C26D8B0E}.Debug|Any CPU.Build.0 = Debug|Any CPU
		{F9019550-2132-4E05-84BD-1EE8C26D8B0E}.Release|Any CPU.ActiveCfg = Release|Any CPU
		{F9019550-2132-4E05-84BD-1EE8C26D8B0E}.Release|Any CPU.Build.0 = Release|Any CPU
	EndGlobalSection
	GlobalSection(SolutionProperties) = preSolution
		HideSolutionNode = FALSE
	EndGlobalSection
	GlobalSection(ExtensibilityGlobals) = postSolution
		SolutionGuid = {E37B8762-5D44-4AC1-BA94-3C97323C8A80}
	EndGlobalSection
EndGlobal
